
Microsoft Visual Studio Solution File, Format Version 12.00
# Visual Studio Version 17
VisualStudioVersion = 17.8.34330.188
MinimumVisualStudioVersion = 10.0.40219.1
Project("{FAE04EC0-301F-11D3-BF4B-00C04F79EFBC}") = "GabrielTestePAM", "GabrielTestePAM\GabrielTestePAM.csproj", "{CCB831AB-001B-4E4A-9FD5-3DB9E501CF58}"
EndProject
Global
	GlobalSection(SolutionConfigurationPlatforms) = preSolution
		Debug|Any CPU = Debug|Any CPU
		Release|Any CPU = Release|Any CPU
	EndGlobalSection
	GlobalSection(ProjectConfigurationPlatforms) = postSolution
		{CCB831AB-001B-4E4A-9FD5-3DB9E501CF58}.Debug|Any CPU.ActiveCfg = Debug|Any CPU
		{CCB831AB-001B-4E4A-9FD5-3DB9E501CF58}.Debug|Any CPU.Build.0 = Debug|Any CPU
		{CCB831AB-001B-4E4A-9FD5-3DB9E501CF58}.Debug|Any CPU.Deploy.0 = Debug|Any CPU
		{CCB831AB-001B-4E4A-9FD5-3DB9E501CF58}.Release|Any CPU.ActiveCfg = Release|Any CPU
		{CCB831AB-001B-4E4A-9FD5-3DB9E501CF58}.Release|Any CPU.Build.0 = Release|Any CPU
		{CCB831AB-001B-4E4A-9FD5-3DB9E501CF58}.Release|Any CPU.Deploy.0 = Release|Any CPU
	EndGlobalSection
	GlobalSection(SolutionProperties) = preSolution
		HideSolutionNode = FALSE
	EndGlobalSection
	GlobalSection(ExtensibilityGlobals) = postSolution
		SolutionGuid = {A59D5942-7F69-46BA-8482-C6165405C28C}
	EndGlobalSection
EndGlobal
